
Microsoft Visual Studio Solution File, Format Version 12.00
# Visual Studio Version 16
VisualStudioVersion = 16.0.30804.86
MinimumVisualStudioVersion = 10.0.40219.1
Project("{FAE04EC0-301F-11D3-BF4B-00C04F79EFBC}") = "UniversityCampus", "UniversityCampus.csproj", "{8B9423DE-137A-4B01-A8FD-B0BA068F2F8C}"
EndProject
Global
	GlobalSection(SolutionConfigurationPlatforms) = preSolution
		Debug|Any CPU = Debug|Any CPU
		Release|Any CPU = Release|Any CPU
	EndGlobalSection
	GlobalSection(ProjectConfigurationPlatforms) = postSolution
		{8B9423DE-137A-4B01-A8FD-B0BA068F2F8C}.Debug|Any CPU.ActiveCfg = Debug|Any CPU
		{8B9423DE-137A-4B01-A8FD-B0BA068F2F8C}.Debug|Any CPU.Build.0 = Debug|Any CPU
		{8B9423DE-137A-4B01-A8FD-B0BA068F2F8C}.Release|Any CPU.ActiveCfg = Release|Any CPU
		{8B9423DE-137A-4B01-A8FD-B0BA068F2F8C}.Release|Any CPU.Build.0 = Release|Any CPU
	EndGlobalSection
	GlobalSection(SolutionProperties) = preSolution
		HideSolutionNode = FALSE
	EndGlobalSection
	GlobalSection(ExtensibilityGlobals) = postSolution
		SolutionGuid = {25EED82E-4F4E-4FB3-9BA1-1729755301BE}
	EndGlobalSection
EndGlobal
